
Microsoft Visual Studio Solution File, Format Version 12.00
# Visual Studio Version 17
VisualStudioVersion = 17.0.32126.317
MinimumVisualStudioVersion = 10.0.40219.1
Project("{9A19103F-16F7-4668-BE54-9A1E7A4F7556}") = "Cryptography.App", "Cryptography.App\Cryptography.App.csproj", "{F2751119-B73D-4227-9BEC-E79F2922F780}"
EndProject
Project("{FAE04EC0-301F-11D3-BF4B-00C04F79EFBC}") = "Cryptography.Core", "Cryptography.Core\Cryptography.Core\Cryptography.Core.csproj", "{15AD744B-5ABC-4A2F-B7A8-DA16B5B00E54}"
EndProject
Global
	GlobalSection(SolutionConfigurationPlatforms) = preSolution
		Debug|Any CPU = Debug|Any CPU
		Release|Any CPU = Release|Any CPU
	EndGlobalSection
	GlobalSection(ProjectConfigurationPlatforms) = postSolution
		{F2751119-B73D-4227-9BEC-E79F2922F780}.Debug|Any CPU.ActiveCfg = Debug|Any CPU
		{F2751119-B73D-4227-9BEC-E79F2922F780}.Debug|Any CPU.Build.0 = Debug|Any CPU
		{F2751119-B73D-4227-9BEC-E79F2922F780}.Release|Any CPU.ActiveCfg = Release|Any CPU
		{F2751119-B73D-4227-9BEC-E79F2922F780}.Release|Any CPU.Build.0 = Release|Any CPU
		{15AD744B-5ABC-4A2F-B7A8-DA16B5B00E54}.Debug|Any CPU.ActiveCfg = Debug|Any CPU
		{15AD744B-5ABC-4A2F-B7A8-DA16B5B00E54}.Debug|Any CPU.Build.0 = Debug|Any CPU
		{15AD744B-5ABC-4A2F-B7A8-DA16B5B00E54}.Release|Any CPU.ActiveCfg = Release|Any CPU
		{15AD744B-5ABC-4A2F-B7A8-DA16B5B00E54}.Release|Any CPU.Build.0 = Release|Any CPU
	EndGlobalSection
	GlobalSection(SolutionProperties) = preSolution
		HideSolutionNode = FALSE
	EndGlobalSection
	GlobalSection(ExtensibilityGlobals) = postSolution
		SolutionGuid = {8F4CFCCF-89D3-42DE-8E89-38B0AD7A9948}
	EndGlobalSection
EndGlobal
